
Microsoft Visual Studio Solution File, Format Version 12.00
# Visual Studio 2013
VisualStudioVersion = 12.0.31101.0
MinimumVisualStudioVersion = 10.0.40219.1
Project("{FAE04EC0-301F-11D3-BF4B-00C04F79EFBC}") = "xpf.Testing", "xpf.Testing\xpf.Testing.csproj", "{19E6935F-BA9C-46BE-B1B7-8762C47B2B93}"
EndProject
Project("{FAE04EC0-301F-11D3-BF4B-00C04F79EFBC}") = "xpf.Testing.Test", "xpf.Testing.Test\xpf.Testing.Test.csproj", "{835A005E-5D8F-44BF-ACDA-68D28DD85A65}"
EndProject
Project("{2150E333-8FDC-42A3-9474-1A3956D46DE8}") = "Associated", "Associated", "{9C1405C7-83A9-471B-A749-3D8B00F83972}"
	ProjectSection(SolutionItems) = preProject
		LICENSE.md = LICENSE.md
		nugetbuild.bat = nugetbuild.bat
		README.md = README.md
	EndProjectSection
EndProject
Global
	GlobalSection(SolutionConfigurationPlatforms) = preSolution
		Debug|Any CPU = Debug|Any CPU
		Release|Any CPU = Release|Any CPU
	EndGlobalSection
	GlobalSection(ProjectConfigurationPlatforms) = postSolution
		{19E6935F-BA9C-46BE-B1B7-8762C47B2B93}.Debug|Any CPU.ActiveCfg = Debug|Any CPU
		{19E6935F-BA9C-46BE-B1B7-8762C47B2B93}.Debug|Any CPU.Build.0 = Debug|Any CPU
		{19E6935F-BA9C-46BE-B1B7-8762C47B2B93}.Release|Any CPU.ActiveCfg = Release|Any CPU
		{19E6935F-BA9C-46BE-B1B7-8762C47B2B93}.Release|Any CPU.Build.0 = Release|Any CPU
		{835A005E-5D8F-44BF-ACDA-68D28DD85A65}.Debug|Any CPU.ActiveCfg = Debug|Any CPU
		{835A005E-5D8F-44BF-ACDA-68D28DD85A65}.Debug|Any CPU.Build.0 = Debug|Any CPU
		{835A005E-5D8F-44BF-ACDA-68D28DD85A65}.Release|Any CPU.ActiveCfg = Release|Any CPU
		{835A005E-5D8F-44BF-ACDA-68D28DD85A65}.Release|Any CPU.Build.0 = Release|Any CPU
	EndGlobalSection
	GlobalSection(SolutionProperties) = preSolution
		HideSolutionNode = FALSE
	EndGlobalSection
EndGlobal
